// !$*UTF8*$!
{
	archiveVersion = 1;
	classes = {
	};
	objectVersion = 46;
	objects = {

/* Begin PBXBuildFile section */
		1814DA8F1C342F8500C8C3A1 /* background.jpg in Resources */ = {isa = PBXBuildFile; fileRef = 1814DA8E1C342F8500C8C3A1 /* background.jpg */; };
		1814DA911C34343C00C8C3A1 /* 40.mp3 in Resources */ = {isa = PBXBuildFile; fileRef = 1814DA901C34343C00C8C3A1 /* 40.mp3 */; };
		18160A3C1C33D45C000D2604 /* bricks.m in Sources */ = {isa = PBXBuildFile; fileRef = 18160A3B1C33D45C000D2604 /* bricks.m */; };
		1820E0061C32EE940027229B /* main.m in Sources */ = {isa = PBXBuildFile; fileRef = 1820E0051C32EE940027229B /* main.m */; };
		1820E0091C32EE940027229B /* AppDelegate.m in Sources */ = {isa = PBXBuildFile; fileRef = 1820E0081C32EE940027229B /* AppDelegate.m */; };
		1820E00C1C32EE940027229B /* ViewController.m in Sources */ = {isa = PBXBuildFile; fileRef = 1820E00B1C32EE940027229B /* ViewController.m */; };
		1820E00F1C32EE940027229B /* Main.storyboard in Resources */ = {isa = PBXBuildFile; fileRef = 1820E00D1C32EE940027229B /* Main.storyboard */; };
		1820E0111C32EE940027229B /* Images.xcassets in Resources */ = {isa = PBXBuildFile; fileRef = 1820E0101C32EE940027229B /* Images.xcassets */; };
		1820E0141C32EE940027229B /* LaunchScreen.xib in Resources */ = {isa = PBXBuildFile; fileRef = 1820E0121C32EE940027229B /* LaunchScreen.xib */; };
		1820E0201C32EE940027229B /* brickoutTests.m in Sources */ = {isa = PBXBuildFile; fileRef = 1820E01F1C32EE940027229B /* brickoutTests.m */; };
		1820E02B1C32EF140027229B /* ball.png in Resources */ = {isa = PBXBuildFile; fileRef = 1820E0291C32EF140027229B /* ball.png */; };
		1820E02C1C32EF140027229B /* tabbar.png in Resources */ = {isa = PBXBuildFile; fileRef = 1820E02A1C32EF140027229B /* tabbar.png */; };
/* End PBXBuildFile section */

/* Begin PBXContainerItemProxy section */
		1820E01A1C32EE940027229B /* PBXContainerItemProxy */ = {
			isa = PBXContainerItemProxy;
			containerPortal = 1820DFF81C32EE940027229B /* Project object */;
			proxyType = 1;
			remoteGlobalIDString = 1820DFFF1C32EE940027229B;
			remoteInfo = brickout;
		};
/* End PBXContainerItemProxy section */

/* Begin PBXFileReference section */
		1814DA8E1C342F8500C8C3A1 /* background.jpg */ = {isa = PBXFileReference; lastKnownFileType = image.jpeg; path = background.jpg; sourceTree = SOURCE_ROOT; };
		1814DA901C34343C00C8C3A1 /* 40.mp3 */ = {isa = PBXFileReference; lastKnownFileType = audio.mp3; path = 40.mp3; sourceTree = SOURCE_ROOT; };
		18160A3A1C33D45C000D2604 /* bricks.h */ = {isa = PBXFileReference; fileEncoding = 4; lastKnownFileType = sourcecode.c.h; path = bricks.h; sourceTree = "<group>"; };
		18160A3B1C33D45C000D2604 /* bricks.m */ = {isa = PBXFileReference; fileEncoding = 4; lastKnownFileType = sourcecode.c.objc; path = bricks.m; sourceTree = "<group>"; };
		1820E0001C32EE940027229B /* brickout.app */ = {isa = PBXFileReference; explicitFileType = wrapper.application; includeInIndex = 0; path = brickout.app; sourceTree = BUILT_PRODUCTS_DIR; };
		1820E0041C32EE940027229B /* Info.plist */ = {isa = PBXFileReference; lastKnownFileType = text.plist.xml; path = Info.plist; sourceTree = "<group>"; };
		1820E0051C32EE940027229B /* main.m */ = {isa = PBXFileReference; lastKnownFileType = sourcecode.c.objc; path = main.m; sourceTree = "<group>"; };
		1820E0071C32EE940027229B /* AppDelegate.h */ = {isa = PBXFileReference; lastKnownFileType = sourcecode.c.h; path = AppDelegate.h; sourceTree = "<group>"; };
		1820E0081C32EE940027229B /* AppDelegate.m */ = {isa = PBXFileReference; lastKnownFileType = sourcecode.c.objc; path = AppDelegate.m; sourceTree = "<group>"; };
		1820E00A1C32EE940027229B /* ViewController.h */ = {isa = PBXFileReference; lastKnownFileType = sourcecode.c.h; path = ViewController.h; sourceTree = "<group>"; };
		1820E00B1C32EE940027229B /* ViewController.m */ = {isa = PBXFileReference; lastKnownFileType = sourcecode.c.objc; path = ViewController.m; sourceTree = "<group>"; };
		1820E00E1C32EE940027229B /* Base */ = {isa = PBXFileReference; lastKnownFileType = file.storyboard; name = Base; path = Base.lproj/Main.storyboard; sourceTree = "<group>"; };
		1820E0101C32EE940027229B /* Images.xcassets */ = {isa = PBXFileReference; lastKnownFileType = folder.assetcatalog; path = Images.xcassets; sourceTree = "<group>"; };
		1820E0131C32EE940027229B /* Base */ = {isa = PBXFileReference; lastKnownFileType = file.xib; name = Base; path = Base.lproj/LaunchScreen.xib; sourceTree = "<group>"; };
		1820E0191C32EE940027229B /* brickoutTests.xctest */ = {isa = PBXFileReference; explicitFileType = wrapper.cfbundle; includeInIndex = 0; path = brickoutTests.xctest; sourceTree = BUILT_PRODUCTS_DIR; };
		1820E01E1C32EE940027229B /* Info.plist */ = {isa = PBXFileReference; lastKnownFileType = text.plist.xml; path = Info.plist; sourceTree = "<group>"; };
		1820E01F1C32EE940027229B /* brickoutTests.m */ = {isa = PBXFileReference; lastKnownFileType = sourcecode.c.objc; path = brickoutTests.m; sourceTree = "<group>"; };
		1820E0291C32EF140027229B /* ball.png */ = {isa = PBXFileReference; lastKnownFileType = image.png; path = ball.png; sourceTree = SOURCE_ROOT; };
		1820E02A1C32EF140027229B /* tabbar.png */ = {isa = PBXFileReference; lastKnownFileType = image.png; path = tabbar.png; sourceTree = SOURCE_ROOT; };
/* End PBXFileReference section */

/* Begin PBXFrameworksBuildPhase section */
		1820DFFD1C32EE940027229B /* Frameworks */ = {
			isa = PBXFrameworksBuildPhase;
			buildActionMask = 2147483647;
			files = (
			);
			runOnlyForDeploymentPostprocessing = 0;
		};
		1820E0161C32EE940027229B /* Frameworks */ = {
			isa = PBXFrameworksBuildPhase;
			buildActionMask = 2147483647;
			files = (
			);
			runOnlyForDeploymentPostprocessing = 0;
		};
/* End PBXFrameworksBuildPhase section */

/* Begin PBXGroup section */
		1820DFF71C32EE940027229B = {
			isa = PBXGroup;
			children = (
				1820E0021C32EE940027229B /* brickout */,
				1820E01C1C32EE940027229B /* brickoutTests */,
				1820E0011C32EE940027229B /* Products */,
			);
			sourceTree = "<group>";
		};
		1820E0011C32EE940027229B /* Products */ = {
			isa = PBXGroup;
			children = (
				1820E0001C32EE940027229B /* brickout.app */,
				1820E0191C32EE940027229B /* brickoutTests.xctest */,
			);
			name = Products;
			sourceTree = "<group>";
		};
		1820E0021C32EE940027229B /* brickout */ = {
			isa = PBXGroup;
			children = (
				1820E0071C32EE940027229B /* AppDelegate.h */,
				1820E0081C32EE940027229B /* AppDelegate.m */,
				1820E00A1C32EE940027229B /* ViewController.h */,
				1820E00B1C32EE940027229B /* ViewController.m */,
				1820E00D1C32EE940027229B /* Main.storyboard */,
				1820E0101C32EE940027229B /* Images.xcassets */,
				1820E0121C32EE940027229B /* LaunchScreen.xib */,
				1820E0031C32EE940027229B /* Supporting Files */,
				18160A3A1C33D45C000D2604 /* bricks.h */,
				18160A3B1C33D45C000D2604 /* bricks.m */,
			);
			path = brickout;
			sourceTree = "<group>";
		};
		1820E0031C32EE940027229B /* Supporting Files */ = {
			isa = PBXGroup;
			children = (
				1814DA901C34343C00C8C3A1 /* 40.mp3 */,
				1814DA8E1C342F8500C8C3A1 /* background.jpg */,
				1820E0291C32EF140027229B /* ball.png */,
				1820E02A1C32EF140027229B /* tabbar.png */,
				1820E0041C32EE940027229B /* Info.plist */,
				1820E0051C32EE940027229B /* main.m */,
			);
			name = "Supporting Files";
			sourceTree = "<group>";
		};
		1820E01C1C32EE940027229B /* brickoutTests */ = {
			isa = PBXGroup;
			children = (
				1820E01F1C32EE940027229B /* brickoutTests.m */,
				1820E01D1C32EE940027229B /* Supporting Files */,
			);
			path = brickoutTests;
			sourceTree = "<group>";
		};
		1820E01D1C32EE940027229B /* Supporting Files */ = {
			isa = PBXGroup;
			children = (
				1820E01E1C32EE940027229B /* Info.plist */,
			);
			name = "Supporting Files";
			sourceTree = "<group>";
		};
/* End PBXGroup section */

/* Begin PBXNativeTarget section */
		1820DFFF1C32EE940027229B /* brickout */ = {
			isa = PBXNativeTarget;
			buildConfigurationList = 1820E0231C32EE940027229B /* Build configuration list for PBXNativeTarget "brickout" */;
			buildPhases = (
				1820DFFC1C32EE940027229B /* Sources */,
				1820DFFD1C32EE940027229B /* Frameworks */,
				1820DFFE1C32EE940027229B /* Resources */,
			);
			buildRules = (
			);
			dependencies = (
			);
			name = brickout;
			productName = brickout;
			productReference = 1820E0001C32EE940027229B /* brickout.app */;
			productType = "com.apple.product-type.application";
		};
		1820E0181C32EE940027229B /* brickoutTests */ = {
			isa = PBXNativeTarget;
			buildConfigurationList = 1820E0261C32EE940027229B /* Build configuration list for PBXNativeTarget "brickoutTests" */;
			buildPhases = (
				1820E0151C32EE940027229B /* Sources */,
				1820E0161C32EE940027229B /* Frameworks */,
				1820E0171C32EE940027229B /* Resources */,
			);
			buildRules = (
			);
			dependencies = (
				1820E01B1C32EE940027229B /* PBXTargetDependency */,
			);
			name = brickoutTests;
			productName = brickoutTests;
			productReference = 1820E0191C32EE940027229B /* brickoutTests.xctest */;
			productType = "com.apple.product-type.bundle.unit-test";
		};
/* End PBXNativeTarget section */

/* Begin PBXProject section */
		1820DFF81C32EE940027229B /* Project object */ = {
			isa = PBXProject;
			attributes = {
				LastUpgradeCheck = 0620;
				ORGANIZATIONNAME = AMOSC;
				TargetAttributes = {
					1820DFFF1C32EE940027229B = {
						CreatedOnToolsVersion = 6.2;
					};
					1820E0181C32EE940027229B = {
						CreatedOnToolsVersion = 6.2;
						TestTargetID = 1820DFFF1C32EE940027229B;
					};
				};
			};
			buildConfigurationList = 1820DFFB1C32EE940027229B /* Build configuration list for PBXProject "brickout" */;
			compatibilityVersion = "Xcode 3.2";
			developmentRegion = English;
			hasScannedForEncodings = 0;
			knownRegions = (
				en,
				Base,
			);
			mainGroup = 1820DFF71C32EE940027229B;
			productRefGroup = 1820E0011C32EE940027229B /* Products */;
			projectDirPath = "";
			projectRoot = "";
			targets = (
				1820DFFF1C32EE940027229B /* brickout */,
				1820E0181C32EE940027229B /* brickoutTests */,
			);
		};
/* End PBXProject section */

/* Begin PBXResourcesBuildPhase section */
		1820DFFE1C32EE940027229B /* Resources */ = {
			isa = PBXResourcesBuildPhase;
			buildActionMask = 2147483647;
			files = (
				1820E00F1C32EE940027229B /* Main.storyboard in Resources */,
				1820E0141C32EE940027229B /* LaunchScreen.xib in Resources */,
				1814DA911C34343C00C8C3A1 /* 40.mp3 in Resources */,
				1820E02B1C32EF140027229B /* ball.png in Resources */,
				1814DA8F1C342F8500C8C3A1 /* background.jpg in Resources */,
				1820E02C1C32EF140027229B /* tabbar.png in Resources */,
				1820E0111C32EE940027229B /* Images.xcassets in Resources */,
			);
			runOnlyForDeploymentPostprocessing = 0;
		};
		1820E0171C32EE940027229B /* Resources */ = {
			isa = PBXResourcesBuildPhase;
			buildActionMask = 2147483647;
			files = (
			);
			runOnlyForDeploymentPostprocessing = 0;
		};
/* End PBXResourcesBuildPhase section */

/* Begin PBXSourcesBuildPhase section */
		1820DFFC1C32EE940027229B /* Sources */ = {
			isa = PBXSourcesBuildPhase;
			buildActionMask = 2147483647;
			files = (
				1820E00C1C32EE940027229B /* ViewController.m in Sources */,
				18160A3C1C33D45C000D2604 /* bricks.m in Sources */,
				1820E0091C32EE940027229B /* AppDelegate.m in Sources */,
				1820E0061C32EE940027229B /* main.m in Sources */,
			);
			runOnlyForDeploymentPostprocessing = 0;
		};
		1820E0151C32EE940027229B /* Sources */ = {
			isa = PBXSourcesBuildPhase;
			buildActionMask = 2147483647;
			files = (
				1820E0201C32EE940027229B /* brickoutTests.m in Sources */,
			);
			runOnlyForDeploymentPostprocessing = 0;
		};
/* End PBXSourcesBuildPhase section */

/* Begin PBXTargetDependency section */
		1820E01B1C32EE940027229B /* PBXTargetDependency */ = {
			isa = PBXTargetDependency;
			target = 1820DFFF1C32EE940027229B /* brickout */;
			targetProxy = 1820E01A1C32EE940027229B /* PBXContainerItemProxy */;
		};
/* End PBXTargetDependency section */

/* Begin PBXVariantGroup section */
		1820E00D1C32EE940027229B /* Main.storyboard */ = {
			isa = PBXVariantGroup;
			children = (
				1820E00E1C32EE940027229B /* Base */,
			);
			name = Main.storyboard;
			sourceTree = "<group>";
		};
		1820E0121C32EE940027229B /* LaunchScreen.xib */ = {
			isa = PBXVariantGroup;
			children = (
				1820E0131C32EE940027229B /* Base */,
			);
			name = LaunchScreen.xib;
			sourceTree = "<group>";
		};
/* End PBXVariantGroup section */

/* Begin XCBuildConfiguration section */
		1820E0211C32EE940027229B /* Debug */ = {
			isa = XCBuildConfiguration;
			buildSettings = {
				ALWAYS_SEARCH_USER_PATHS = NO;
				CLANG_CXX_LANGUAGE_STANDARD = "gnu++0x";
				CLANG_CXX_LIBRARY = "libc++";
				CLANG_ENABLE_MODULES = YES;
				CLANG_ENABLE_OBJC_ARC = YES;
				CLANG_WARN_BOOL_CONVERSION = YES;
				CLANG_WARN_CONSTANT_CONVERSION = YES;
				CLANG_WARN_DIRECT_OBJC_ISA_USAGE = YES_ERROR;
				CLANG_WARN_EMPTY_BODY = YES;
				CLANG_WARN_ENUM_CONVERSION = YES;
				CLANG_WARN_INT_CONVERSION = YES;
				CLANG_WARN_OBJC_ROOT_CLASS = YES_ERROR;
				CLANG_WARN_UNREACHABLE_CODE = YES;
				CLANG_WARN__DUPLICATE_METHOD_MATCH = YES;
				"CODE_SIGN_IDENTITY[sdk=iphoneos*]" = "iPhone Developer";
				COPY_PHASE_STRIP = NO;
				ENABLE_STRICT_OBJC_MSGSEND = YES;
				GCC_C_LANGUAGE_STANDARD = gnu99;
				GCC_DYNAMIC_NO_PIC = NO;
				GCC_OPTIMIZATION_LEVEL = 0;
				GCC_PREPROCESSOR_DEFINITIONS = (
					"DEBUG=1",
					"$(inherited)",
				);
				GCC_SYMBOLS_PRIVATE_EXTERN = NO;
				GCC_WARN_64_TO_32_BIT_CONVERSION = YES;
				GCC_WARN_ABOUT_RETURN_TYPE = YES_ERROR;
				GCC_WARN_UNDECLARED_SELECTOR = YES;
				GCC_WARN_UNINITIALIZED_AUTOS = YES_AGGRESSIVE;
				GCC_WARN_UNUSED_FUNCTION = YES;
				GCC_WARN_UNUSED_VARIABLE = YES;
				IPHONEOS_DEPLOYMENT_TARGET = 8.2;
				MTL_ENABLE_DEBUG_INFO = YES;
				ONLY_ACTIVE_ARCH = YES;
				SDKROOT = iphoneos;
			};
			name = Debug;
		};
		1820E0221C32EE940027229B /* Release */ = {
			isa = XCBuildConfiguration;
			buildSettings = {
				ALWAYS_SEARCH_USER_PATHS = NO;
				CLANG_CXX_LANGUAGE_STANDARD = "gnu++0x";
				CLANG_CXX_LIBRARY = "libc++";
				CLANG_ENABLE_MODULES = YES;
				CLANG_ENABLE_OBJC_ARC = YES;
				CLANG_WARN_BOOL_CONVERSION = YES;
				CLANG_WARN_CONSTANT_CONVERSION = YES;
				CLANG_WARN_DIRECT_OBJC_ISA_USAGE = YES_ERROR;
				CLANG_WARN_EMPTY_BODY = YES;
				CLANG_WARN_ENUM_CONVERSION = YES;
				CLANG_WARN_INT_CONVERSION = YES;
				CLANG_WARN_OBJC_ROOT_CLASS = YES_ERROR;
				CLANG_WARN_UNREACHABLE_CODE = YES;
				CLANG_WARN__DUPLICATE_METHOD_MATCH = YES;
				"CODE_SIGN_IDENTITY[sdk=iphoneos*]" = "iPhone Developer";
				COPY_PHASE_STRIP = NO;
				ENABLE_NS_ASSERTIONS = NO;
				ENABLE_STRICT_OBJC_MSGSEND = YES;
				GCC_C_LANGUAGE_STANDARD = gnu99;
				GCC_WARN_64_TO_32_BIT_CONVERSION = YES;
				GCC_WARN_ABOUT_RETURN_TYPE = YES_ERROR;
				GCC_WARN_UNDECLARED_SELECTOR = YES;
				GCC_WARN_UNINITIALIZED_AUTOS = YES_AGGRESSIVE;
				GCC_WARN_UNUSED_FUNCTION = YES;
				GCC_WARN_UNUSED_VARIABLE = YES;
				IPHONEOS_DEPLOYMENT_TARGET = 8.2;
				MTL_ENABLE_DEBUG_INFO = NO;
				SDKROOT = iphoneos;
				VALIDATE_PRODUCT = YES;
			};
			name = Release;
		};
		1820E0241C32EE940027229B /* Debug */ = {
			isa = XCBuildConfiguration;
			buildSettings = {
				ASSETCATALOG_COMPILER_APPICON_NAME = AppIcon;
				INFOPLIST_FILE = brickout/Info.plist;
				LD_RUNPATH_SEARCH_PATHS = "$(inherited) @executable_path/Frameworks";
				PRODUCT_NAME = "$(TARGET_NAME)";
			};
			name = Debug;
		};
		1820E0251C32EE940027229B /* Release */ = {
			isa = XCBuildConfiguration;
			buildSettings = {
				ASSETCATALOG_COMPILER_APPICON_NAME = AppIcon;
				INFOPLIST_FILE = brickout/Info.plist;
				LD_RUNPATH_SEARCH_PATHS = "$(inherited) @executable_path/Frameworks";
				PRODUCT_NAME = "$(TARGET_NAME)";
			};
			name = Release;
		};
		1820E0271C32EE940027229B /* Debug */ = {
			isa = XCBuildConfiguration;
			buildSettings = {
				BUNDLE_LOADER = "$(TEST_HOST)";
				FRAMEWORK_SEARCH_PATHS = (
					"$(SDKROOT)/Developer/Library/Frameworks",
					"$(inherited)",
				);
				GCC_PREPROCESSOR_DEFINITIONS = (
					"DEBUG=1",
					"$(inherited)",
				);
				INFOPLIST_FILE = brickoutTests/Info.plist;
				LD_RUNPATH_SEARCH_PATHS = "$(inherited) @executable_path/Frameworks @loader_path/Frameworks";
				PRODUCT_NAME = "$(TARGET_NAME)";
				TEST_HOST = "$(BUILT_PRODUCTS_DIR)/brickout.app/brickout";
			};
			name = Debug;
		};
		1820E0281C32EE940027229B /* Release */ = {
			isa = XCBuildConfiguration;
			buildSettings = {
				BUNDLE_LOADER = "$(TEST_HOST)";
				FRAMEWORK_SEARCH_PATHS = (
					"$(SDKROOT)/Developer/Library/Frameworks",
					"$(inherited)",
				);
				INFOPLIST_FILE = brickoutTests/Info.plist;
				LD_RUNPATH_SEARCH_PATHS = "$(inherited) @executable_path/Frameworks @loader_path/Frameworks";
				PRODUCT_NAME = "$(TARGET_NAME)";
				TEST_HOST = "$(BUILT_PRODUCTS_DIR)/brickout.app/brickout";
			};
			name = Release;
		};
/* End XCBuildConfiguration section */

/* Begin XCConfigurationList section */
		1820DFFB1C32EE940027229B /* Build configuration list for PBXProject "brickout" */ = {
			isa = XCConfigurationList;
			buildConfigurations = (
				1820E0211C32EE940027229B /* Debug */,
				1820E0221C32EE940027229B /* Release */,
			);
			defaultConfigurationIsVisible = 0;
			defaultConfigurationName = Release;
		};
		1820E0231C32EE940027229B /* Build configuration list for PBXNativeTarget "brickout" */ = {
			isa = XCConfigurationList;
			buildConfigurations = (
				1820E0241C32EE940027229B /* Debug */,
				1820E0251C32EE940027229B /* Release */,
			);
			defaultConfigurationIsVisible = 0;
			defaultConfigurationName = Release;
		};
		1820E0261C32EE940027229B /* Build configuration list for PBXNativeTarget "brickoutTests" */ = {
			isa = XCConfigurationList;
			buildConfigurations = (
				1820E0271C32EE940027229B /* Debug */,
				1820E0281C32EE940027229B /* Release */,
			);
			defaultConfigurationIsVisible = 0;
			defaultConfigurationName = Release;
		};
/* End XCConfigurationList section */
	};
	rootObject = 1820DFF81C32EE940027229B /* Project object */;
}
